<?xml version="1.0" encoding="utf-8"?>
<Project ToolsVersion="4.0" xmlns="http://schemas.microsoft.com/developer/msbuild/2003">
  <ItemGroup>
    <Filter Include="PCRE">
      <UniqueIdentifier>{e0a8a3d0-c0f6-4bc9-b066-330d1753a388}</UniqueIdentifier>
    </Filter>
    <Filter Include="PCRE.NET">
      <UniqueIdentifier>{4FC737F1-C7A5-4376-A066-2A32D752A2FF}</UniqueIdentifier>
      <Extensions>cpp;c;cc;cxx;def;odl;idl;hpj;bat;asm;asmx</Extensions>
    </Filter>
    <Filter Include="PCRE\Sources">
      <UniqueIdentifier>{21e023c4-93e2-49e8-a895-b7dd925d0830}</UniqueIdentifier>
    </Filter>
    <Filter Include="PCRE\Headers">
      <UniqueIdentifier>{98d93ba4-5075-41e3-b6ca-efd121a4844d}</UniqueIdentifier>
    </Filter>
    <Filter Include="PCRE.NET\Sources">
      <UniqueIdentifier>{3cef1e6f-3ff6-4879-8431-5d6b18aca13f}</UniqueIdentifier>
    </Filter>
    <Filter Include="PCRE.NET\Headers">
      <UniqueIdentifier>{9f07b79a-949a-47a7-ace3-2452d900fd6b}</UniqueIdentifier>
    </Filter>
  </ItemGroup>
  <ItemGroup>
    <ClCompile Include="..\PCRE\src\pcre2_xclass.c">
      <Filter>PCRE\Sources</Filter>
    </ClCompile>
    <ClCompile Include="..\PCRE\src\pcre2_auto_possess.c">
      <Filter>PCRE\Sources</Filter>
    </ClCompile>
    <ClCompile Include="..\PCRE\src\pcre2_chartables.c">
      <Filter>PCRE\Sources</Filter>
    </ClCompile>
    <ClCompile Include="..\PCRE\src\pcre2_compile.c">
      <Filter>PCRE\Sources</Filter>
    </ClCompile>
    <ClCompile Include="..\PCRE\src\pcre2_config.c">
      <Filter>PCRE\Sources</Filter>
    </ClCompile>
    <ClCompile Include="..\PCRE\src\pcre2_context.c">
      <Filter>PCRE\Sources</Filter>
    </ClCompile>
    <ClCompile Include="..\PCRE\src\pcre2_convert.c">
      <Filter>PCRE\Sources</Filter>
    </ClCompile>
    <ClCompile Include="..\PCRE\src\pcre2_dfa_match.c">
      <Filter>PCRE\Sources</Filter>
    </ClCompile>
    <ClCompile Include="..\PCRE\src\pcre2_error.c">
      <Filter>PCRE\Sources</Filter>
    </ClCompile>
    <ClCompile Include="..\PCRE\src\pcre2_extuni.c">
      <Filter>PCRE\Sources</Filter>
    </ClCompile>
    <ClCompile Include="..\PCRE\src\pcre2_find_bracket.c">
      <Filter>PCRE\Sources</Filter>
    </ClCompile>
    <ClCompile Include="..\PCRE\src\pcre2_jit_compile.c">
      <Filter>PCRE\Sources</Filter>
    </ClCompile>
    <ClCompile Include="..\PCRE\src\pcre2_maketables.c">
      <Filter>PCRE\Sources</Filter>
    </ClCompile>
    <ClCompile Include="..\PCRE\src\pcre2_match.c">
      <Filter>PCRE\Sources</Filter>
    </ClCompile>
    <ClCompile Include="..\PCRE\src\pcre2_match_data.c">
      <Filter>PCRE\Sources</Filter>
    </ClCompile>
    <ClCompile Include="..\PCRE\src\pcre2_newline.c">
      <Filter>PCRE\Sources</Filter>
    </ClCompile>
    <ClCompile Include="..\PCRE\src\pcre2_ord2utf.c">
      <Filter>PCRE\Sources</Filter>
    </ClCompile>
    <ClCompile Include="..\PCRE\src\pcre2_pattern_info.c">
      <Filter>PCRE\Sources</Filter>
    </ClCompile>
    <ClCompile Include="..\PCRE\src\pcre2_string_utils.c">
      <Filter>PCRE\Sources</Filter>
    </ClCompile>
    <ClCompile Include="..\PCRE\src\pcre2_study.c">
      <Filter>PCRE\Sources</Filter>
    </ClCompile>
    <ClCompile Include="..\PCRE\src\pcre2_substitute.c">
      <Filter>PCRE\Sources</Filter>
    </ClCompile>
    <ClCompile Include="..\PCRE\src\pcre2_tables.c">
      <Filter>PCRE\Sources</Filter>
    </ClCompile>
    <ClCompile Include="..\PCRE\src\pcre2_ucd.c">
      <Filter>PCRE\Sources</Filter>
    </ClCompile>
    <ClCompile Include="..\PCRE\src\pcre2_valid_utf.c">
      <Filter>PCRE\Sources</Filter>
    </ClCompile>
    <ClCompile Include="pcrenet_compile.c">
      <Filter>PCRE.NET\Sources</Filter>
    </ClCompile>
    <ClCompile Include="..\PCRE\src\pcre2_substring.c">
      <Filter>PCRE\Sources</Filter>
    </ClCompile>
    <ClCompile Include="pcrenet_match.c">
      <Filter>PCRE.NET\Sources</Filter>
    </ClCompile>
    <ClCompile Include="pcrenet_info.c">
      <Filter>PCRE.NET\Sources</Filter>
    </ClCompile>
    <ClCompile Include="pcrenet_convert.c">
      <Filter>PCRE.NET\Sources</Filter>
    </ClCompile>
    <ClCompile Include="..\PCRE\src\pcre2_script_run.c">
      <Filter>PCRE\Sources</Filter>
    </ClCompile>
    <ClCompile Include="..\PCRE\src\pcre2_chkdint.c">
      <Filter>PCRE\Sources</Filter>
    </ClCompile>
  </ItemGroup>
  <ItemGroup>
    <ClInclude Include="..\PCRE\src\config.h">
      <Filter>PCRE\Headers</Filter>
    </ClInclude>
    <ClInclude Include="..\PCRE\src\pcre2.h">
      <Filter>PCRE\Headers</Filter>
    </ClInclude>
    <ClInclude Include="..\PCRE\src\pcre2_internal.h">
      <Filter>PCRE\Headers</Filter>
    </ClInclude>
    <ClInclude Include="..\PCRE\src\pcre2_intmodedep.h">
      <Filter>PCRE\Headers</Filter>
    </ClInclude>
    <ClInclude Include="..\PCRE\src\pcre2_ucp.h">
      <Filter>PCRE\Headers</Filter>
    </ClInclude>
    <ClInclude Include="pcrenet.h">
      <Filter>PCRE.NET\Headers</Filter>
    </ClInclude>
    <ClInclude Include="pcre2config.h">
      <Filter>PCRE.NET\Headers</Filter>
    </ClInclude>
  </ItemGroup>
</Project>