
Microsoft Visual Studio Solution File, Format Version 12.00
# Visual Studio 2013
VisualStudioVersion = 12.0.30723.0
MinimumVisualStudioVersion = 10.0.40219.1
Project("{FAE04EC0-301F-11D3-BF4B-00C04F79EFBC}") = "PCRE.NET", "PCRE.NET\PCRE.NET.csproj", "{BC79C3F4-531D-49FE-82DE-B2103E6D6C97}"
EndProject
Project("{FAE04EC0-301F-11D3-BF4B-00C04F79EFBC}") = "PCRE.NET.Tests", "PCRE.NET.Tests\PCRE.NET.Tests.csproj", "{D6C70567-615B-48FB-AEB4-565B9BBB59EF}"
EndProject
Global
	GlobalSection(SolutionConfigurationPlatforms) = preSolution
		Debug|Any CPU = Debug|Any CPU
		Release|Any CPU = Release|Any CPU
	EndGlobalSection
	GlobalSection(ProjectConfigurationPlatforms) = postSolution
		{BC79C3F4-531D-49FE-82DE-B2103E6D6C97}.Debug|Any CPU.ActiveCfg = Debug|Any CPU
		{BC79C3F4-531D-49FE-82DE-B2103E6D6C97}.Debug|Any CPU.Build.0 = Debug|Any CPU
		{BC79C3F4-531D-49FE-82DE-B2103E6D6C97}.Release|Any CPU.ActiveCfg = Release|Any CPU
		{BC79C3F4-531D-49FE-82DE-B2103E6D6C97}.Release|Any CPU.Build.0 = Release|Any CPU
		{D6C70567-615B-48FB-AEB4-565B9BBB59EF}.Debug|Any CPU.ActiveCfg = Debug|Any CPU
		{D6C70567-615B-48FB-AEB4-565B9BBB59EF}.Debug|Any CPU.Build.0 = Debug|Any CPU
		{D6C70567-615B-48FB-AEB4-565B9BBB59EF}.Release|Any CPU.ActiveCfg = Release|Any CPU
		{D6C70567-615B-48FB-AEB4-565B9BBB59EF}.Release|Any CPU.Build.0 = Release|Any CPU
	EndGlobalSection
	GlobalSection(SolutionProperties) = preSolution
		HideSolutionNode = FALSE
	EndGlobalSection
EndGlobal
